// !$*UTF8*$!
{
	archiveVersion = 1;
	classes = {
	};
	objectVersion = 77;
	objects = {

/* Begin PBXBuildFile section */
		D0457A3B3073597700761146 /* HomeView.swift in Sources */ = {isa = PBXBuildFile; fileRef = D0457A393073585600761146 /* HomeView.swift */; };
		D0457A41307359AF00761146 /* HomeHeader.swift in Sources */ = {isa = PBXBuildFile; fileRef = D0457A31307354ED00761146 /* HomeHeader.swift */; };
		D0457A42307359AF00761146 /* HomeHeader.swift in Sources */ = {isa = PBXBuildFile; fileRef = D0457A31307354ED00761146 /* HomeHeader.swift */; };
		D0457A43307359AF00761146 /* HomeHeader.swift in Sources */ = {isa = PBXBuildFile; fileRef = D0457A31307354ED00761146 /* HomeHeader.swift */; };
		D0457A44307359B900761146 /* HomeView.swift in Sources */ = {isa = PBXBuildFile; fileRef = D0457A393073585600761146 /* HomeView.swift */; };
		D0457A45307359B900761146 /* HomeView.swift in Sources */ = {isa = PBXBuildFile; fileRef = D0457A393073585600761146 /* HomeView.swift */; };
		D0457A46307359C400761146 /* BannerView.swift in Sources */ = {isa = PBXBuildFile; fileRef = D0457A333073550300761146 /* BannerView.swift */; };
		D0457A47307359C400761146 /* BannerView.swift in Sources */ = {isa = PBXBuildFile; fileRef = D0457A333073550300761146 /* BannerView.swift */; };
		D0457A48307359C400761146 /* BannerView.swift in Sources */ = {isa = PBXBuildFile; fileRef = D0457A333073550300761146 /* BannerView.swift */; };
		D0457A49307359CA00761146 /* CategoryRowView.swift in Sources */ = {isa = PBXBuildFile; fileRef = D0457A343073552000761146 /* CategoryRowView.swift */; };
		D0457A4A307359CA00761146 /* CategoryRowView.swift in Sources */ = {isa = PBXBuildFile; fileRef = D0457A343073552000761146 /* CategoryRowView.swift */; };
		D0457A4B307359CA00761146 /* CategoryRowView.swift in Sources */ = {isa = PBXBuildFile; fileRef = D0457A343073552000761146 /* CategoryRowView.swift */; };
		D0457A4C307359D200761146 /* ProductCardView.swift in Sources */ = {isa = PBXBuildFile; fileRef = D0457A353073552F00761146 /* ProductCardView.swift */; };
		D0457A4D307359D200761146 /* ProductCardView.swift in Sources */ = {isa = PBXBuildFile; fileRef = D0457A353073552F00761146 /* ProductCardView.swift */; };
		D0457A4E307359D200761146 /* ProductCardView.swift in Sources */ = {isa = PBXBuildFile; fileRef = D0457A353073552F00761146 /* ProductCardView.swift */; };
		D0457A4F30735A0400761146 /* SearchBarView.swift in Sources */ = {isa = PBXBuildFile; fileRef = D0457A32307354F700761146 /* SearchBarView.swift */; };
		D0457A5030735A0400761146 /* SearchBarView.swift in Sources */ = {isa = PBXBuildFile; fileRef = D0457A32307354F700761146 /* SearchBarView.swift */; };
		D0457A5130735A0400761146 /* SearchBarView.swift in Sources */ = {isa = PBXBuildFile; fileRef = D0457A32307354F700761146 /* SearchBarView.swift */; };
/* End PBXBuildFile section */

/* Begin PBXContainerItemProxy section */
		D0457A003073501700761146 /* PBXContainerItemProxy */ = {
			isa = PBXContainerItemProxy;
			containerPortal = D04579EA3073501600761146 /* Project object */;
			proxyType = 1;
			remoteGlobalIDString = D04579F13073501600761146;
			remoteInfo = FishStore;
		};
		D0457A0A3073501700761146 /* PBXContainerItemProxy */ = {
			isa = PBXContainerItemProxy;
			containerPortal = D04579EA3073501600761146 /* Project object */;
			proxyType = 1;
			remoteGlobalIDString = D04579F13073501600761146;
			remoteInfo = FishStore;
		};
/* End PBXContainerItemProxy section */

/* Begin PBXFileReference section */
		D04579F23073501600761146 /* FishStore.app */ = {isa = PBXFileReference; explicitFileType = wrapper.application; includeInIndex = 0; path = FishStore.app; sourceTree = BUILT_PRODUCTS_DIR; };
		D04579FF3073501700761146 /* FishStoreTests.xctest */ = {isa = PBXFileReference; explicitFileType = wrapper.cfbundle; includeInIndex = 0; path = FishStoreTests.xctest; sourceTree = BUILT_PRODUCTS_DIR; };
		D0457A093073501700761146 /* FishStoreUITests.xctest */ = {isa = PBXFileReference; explicitFileType = wrapper.cfbundle; includeInIndex = 0; path = FishStoreUITests.xctest; sourceTree = BUILT_PRODUCTS_DIR; };
		D0457A31307354ED00761146 /* HomeHeader.swift */ = {isa = PBXFileReference; lastKnownFileType = sourcecode.swift; path = HomeHeader.swift; sourceTree = "<group>"; };
		D0457A32307354F700761146 /* SearchBarView.swift */ = {isa = PBXFileReference; lastKnownFileType = sourcecode.swift; path = SearchBarView.swift; sourceTree = "<group>"; };
		D0457A333073550300761146 /* BannerView.swift */ = {isa = PBXFileReference; lastKnownFileType = sourcecode.swift; path = BannerView.swift; sourceTree = "<group>"; };
		D0457A343073552000761146 /* CategoryRowView.swift */ = {isa = PBXFileReference; lastKnownFileType = sourcecode.swift; path = CategoryRowView.swift; sourceTree = "<group>"; };
		D0457A353073552F00761146 /* ProductCardView.swift */ = {isa = PBXFileReference; lastKnownFileType = sourcecode.swift; path = ProductCardView.swift; sourceTree = "<group>"; };
		D0457A363073553A00761146 /* CartView.swift */ = {isa = PBXFileReference; lastKnownFileType = sourcecode.swift; path = CartView.swift; sourceTree = "<group>"; };
		D0457A373073554100761146 /* MapView.swift */ = {isa = PBXFileReference; lastKnownFileType = sourcecode.swift; path = MapView.swift; sourceTree = "<group>"; };
		D0457A383073554C00761146 /* OrderView.swift */ = {isa = PBXFileReference; lastKnownFileType = sourcecode.swift; path = OrderView.swift; sourceTree = "<group>"; };
		D0457A393073585600761146 /* HomeView.swift */ = {isa = PBXFileReference; lastKnownFileType = sourcecode.swift; path = HomeView.swift; sourceTree = "<group>"; };
/* End PBXFileReference section */

/* Begin PBXFileSystemSynchronizedBuildFileExceptionSet section */
		D0457A30307354D900761146 /* Exceptions for "Models" folder in "FishStoreUITests" target */ = {
			isa = PBXFileSystemSynchronizedBuildFileExceptionSet;
			membershipExceptions = (
				CartItem.swift,
				Order.swift,
				OrderStatus.swift,
				Product.swift,
				ProductCategory.swift,
			);
			target = D0457A083073501700761146 /* FishStoreUITests */;
		};
		D0457A3F307359A700761146 /* Exceptions for "Models" folder in "FishStore" target */ = {
			isa = PBXFileSystemSynchronizedBuildFileExceptionSet;
			membershipExceptions = (
				Models.swift,
			);
			target = D04579F13073501600761146 /* FishStore */;
		};
		D0457A40307359A700761146 /* Exceptions for "Models" folder in "FishStoreTests" target */ = {
			isa = PBXFileSystemSynchronizedBuildFileExceptionSet;
			membershipExceptions = (
				Models.swift,
			);
			target = D04579FE3073501700761146 /* FishStoreTests */;
		};
/* End PBXFileSystemSynchronizedBuildFileExceptionSet section */

/* Begin PBXFileSystemSynchronizedRootGroup section */
		D04579F43073501600761146 /* FishStore */ = {
			isa = PBXFileSystemSynchronizedRootGroup;
			path = FishStore;
			sourceTree = "<group>";
		};
		D0457A023073501700761146 /* FishStoreTests */ = {
			isa = PBXFileSystemSynchronizedRootGroup;
			path = FishStoreTests;
			sourceTree = "<group>";
		};
		D0457A0C3073501700761146 /* FishStoreUITests */ = {
			isa = PBXFileSystemSynchronizedRootGroup;
			path = FishStoreUITests;
			sourceTree = "<group>";
		};
		D0457A2F307354D900761146 /* Models */ = {
			isa = PBXFileSystemSynchronizedRootGroup;
			exceptions = (
				D0457A3F307359A700761146 /* Exceptions for "Models" folder in "FishStore" target */,
				D0457A40307359A700761146 /* Exceptions for "Models" folder in "FishStoreTests" target */,
				D0457A30307354D900761146 /* Exceptions for "Models" folder in "FishStoreUITests" target */,
			);
			path = Models;
			sourceTree = "<group>";
		};
/* End PBXFileSystemSynchronizedRootGroup section */

/* Begin PBXFrameworksBuildPhase section */
		D04579EF3073501600761146 /* Frameworks */ = {
			isa = PBXFrameworksBuildPhase;
			buildActionMask = 2147483647;
			files = (
			);
			runOnlyForDeploymentPostprocessing = 0;
		};
		D04579FC3073501700761146 /* Frameworks */ = {
			isa = PBXFrameworksBuildPhase;
			buildActionMask = 2147483647;
			files = (
			);
			runOnlyForDeploymentPostprocessing = 0;
		};
		D0457A063073501700761146 /* Frameworks */ = {
			isa = PBXFrameworksBuildPhase;
			buildActionMask = 2147483647;
			files = (
			);
			runOnlyForDeploymentPostprocessing = 0;
		};
/* End PBXFrameworksBuildPhase section */

/* Begin PBXGroup section */
		D04579E93073501600761146 = {
			isa = PBXGroup;
			children = (
				D0457A2F307354D900761146 /* Models */,
				D0457A1D3073547A00761146 /* Views */,
				D04579F43073501600761146 /* FishStore */,
				D0457A023073501700761146 /* FishStoreTests */,
				D0457A0C3073501700761146 /* FishStoreUITests */,
				D04579F33073501600761146 /* Products */,
			);
			sourceTree = "<group>";
		};
		D04579F33073501600761146 /* Products */ = {
			isa = PBXGroup;
			children = (
				D04579F23073501600761146 /* FishStore.app */,
				D04579FF3073501700761146 /* FishStoreTests.xctest */,
				D0457A093073501700761146 /* FishStoreUITests.xctest */,
			);
			name = Products;
			sourceTree = "<group>";
		};
		D0457A1D3073547A00761146 /* Views */ = {
			isa = PBXGroup;
			children = (
				D0457A31307354ED00761146 /* HomeHeader.swift */,
				D0457A393073585600761146 /* HomeView.swift */,
				D0457A32307354F700761146 /* SearchBarView.swift */,
				D0457A333073550300761146 /* BannerView.swift */,
				D0457A343073552000761146 /* CategoryRowView.swift */,
				D0457A353073552F00761146 /* ProductCardView.swift */,
				D0457A363073553A00761146 /* CartView.swift */,
				D0457A373073554100761146 /* MapView.swift */,
				D0457A383073554C00761146 /* OrderView.swift */,
			);
			path = Views;
			sourceTree = "<group>";
		};
/* End PBXGroup section */

/* Begin PBXNativeTarget section */
		D04579F13073501600761146 /* FishStore */ = {
			isa = PBXNativeTarget;
			buildConfigurationList = D0457A133073501700761146 /* Build configuration list for PBXNativeTarget "FishStore" */;
			buildPhases = (
				D04579EE3073501600761146 /* Sources */,
				D04579EF3073501600761146 /* Frameworks */,
				D04579F03073501600761146 /* Resources */,
			);
			buildRules = (
			);
			dependencies = (
			);
			fileSystemSynchronizedGroups = (
				D04579F43073501600761146 /* FishStore */,
			);
			name = FishStore;
			packageProductDependencies = (
			);
			productName = FishStore;
			productReference = D04579F23073501600761146 /* FishStore.app */;
			productType = "com.apple.product-type.application";
		};
		D04579FE3073501700761146 /* FishStoreTests */ = {
			isa = PBXNativeTarget;
			buildConfigurationList = D0457A163073501700761146 /* Build configuration list for PBXNativeTarget "FishStoreTests" */;
			buildPhases = (
				D04579FB3073501700761146 /* Sources */,
				D04579FC3073501700761146 /* Frameworks */,
				D04579FD3073501700761146 /* Resources */,
			);
			buildRules = (
			);
			dependencies = (
				D0457A013073501700761146 /* PBXTargetDependency */,
			);
			fileSystemSynchronizedGroups = (
				D0457A023073501700761146 /* FishStoreTests */,
			);
			name = FishStoreTests;
			packageProductDependencies = (
			);
			productName = FishStoreTests;
			productReference = D04579FF3073501700761146 /* FishStoreTests.xctest */;
			productType = "com.apple.product-type.bundle.unit-test";
		};
		D0457A083073501700761146 /* FishStoreUITests */ = {
			isa = PBXNativeTarget;
			buildConfigurationList = D0457A193073501700761146 /* Build configuration list for PBXNativeTarget "FishStoreUITests" */;
			buildPhases = (
				D0457A053073501700761146 /* Sources */,
				D0457A063073501700761146 /* Frameworks */,
				D0457A073073501700761146 /* Resources */,
			);
			buildRules = (
			);
			dependencies = (
				D0457A0B3073501700761146 /* PBXTargetDependency */,
			);
			fileSystemSynchronizedGroups = (
				D0457A0C3073501700761146 /* FishStoreUITests */,
				D0457A2F307354D900761146 /* Models */,
			);
			name = FishStoreUITests;
			packageProductDependencies = (
			);
			productName = FishStoreUITests;
			productReference = D0457A093073501700761146 /* FishStoreUITests.xctest */;
			productType = "com.apple.product-type.bundle.ui-testing";
		};
/* End PBXNativeTarget section */

/* Begin PBXProject section */
		D04579EA3073501600761146 /* Project object */ = {
			isa = PBXProject;
			attributes = {
				BuildIndependentTargetsInParallel = 1;
				LastSwiftUpdateCheck = 2630;
				LastUpgradeCheck = 2630;
				TargetAttributes = {
					D04579F13073501600761146 = {
						CreatedOnToolsVersion = 26.3;
					};
					D04579FE3073501700761146 = {
						CreatedOnToolsVersion = 26.3;
						TestTargetID = D04579F13073501600761146;
					};
					D0457A083073501700761146 = {
						CreatedOnToolsVersion = 26.3;
						TestTargetID = D04579F13073501600761146;
					};
				};
			};
			buildConfigurationList = D04579ED3073501600761146 /* Build configuration list for PBXProject "FishStore" */;
			developmentRegion = en;
			hasScannedForEncodings = 0;
			knownRegions = (
				en,
				Base,
			);
			mainGroup = D04579E93073501600761146;
			minimizedProjectReferenceProxies = 1;
			preferredProjectObjectVersion = 77;
			productRefGroup = D04579F33073501600761146 /* Products */;
			projectDirPath = "";
			projectRoot = "";
			targets = (
				D04579F13073501600761146 /* FishStore */,
				D04579FE3073501700761146 /* FishStoreTests */,
				D0457A083073501700761146 /* FishStoreUITests */,
			);
		};
/* End PBXProject section */

/* Begin PBXResourcesBuildPhase section */
		D04579F03073501600761146 /* Resources */ = {
			isa = PBXResourcesBuildPhase;
			buildActionMask = 2147483647;
			files = (
			);
			runOnlyForDeploymentPostprocessing = 0;
		};
		D04579FD3073501700761146 /* Resources */ = {
			isa = PBXResourcesBuildPhase;
			buildActionMask = 2147483647;
			files = (
			);
			runOnlyForDeploymentPostprocessing = 0;
		};
		D0457A073073501700761146 /* Resources */ = {
			isa = PBXResourcesBuildPhase;
			buildActionMask = 2147483647;
			files = (
			);
			runOnlyForDeploymentPostprocessing = 0;
		};
/* End PBXResourcesBuildPhase section */

/* Begin PBXSourcesBuildPhase section */
		D04579EE3073501600761146 /* Sources */ = {
			isa = PBXSourcesBuildPhase;
			buildActionMask = 2147483647;
			files = (
				D0457A3B3073597700761146 /* HomeView.swift in Sources */,
				D0457A4F30735A0400761146 /* SearchBarView.swift in Sources */,
				D0457A46307359C400761146 /* BannerView.swift in Sources */,
				D0457A49307359CA00761146 /* CategoryRowView.swift in Sources */,
				D0457A4C307359D200761146 /* ProductCardView.swift in Sources */,
				D0457A41307359AF00761146 /* HomeHeader.swift in Sources */,
			);
			runOnlyForDeploymentPostprocessing = 0;
		};
		D04579FB3073501700761146 /* Sources */ = {
			isa = PBXSourcesBuildPhase;
			buildActionMask = 2147483647;
			files = (
				D0457A47307359C400761146 /* BannerView.swift in Sources */,
				D0457A44307359B900761146 /* HomeView.swift in Sources */,
				D0457A5030735A0400761146 /* SearchBarView.swift in Sources */,
				D0457A42307359AF00761146 /* HomeHeader.swift in Sources */,
				D0457A4A307359CA00761146 /* CategoryRowView.swift in Sources */,
				D0457A4D307359D200761146 /* ProductCardView.swift in Sources */,
			);
			runOnlyForDeploymentPostprocessing = 0;
		};
		D0457A053073501700761146 /* Sources */ = {
			isa = PBXSourcesBuildPhase;
			buildActionMask = 2147483647;
			files = (
				D0457A5130735A0400761146 /* SearchBarView.swift in Sources */,
				D0457A43307359AF00761146 /* HomeHeader.swift in Sources */,
				D0457A48307359C400761146 /* BannerView.swift in Sources */,
				D0457A4B307359CA00761146 /* CategoryRowView.swift in Sources */,
				D0457A45307359B900761146 /* HomeView.swift in Sources */,
				D0457A4E307359D200761146 /* ProductCardView.swift in Sources */,
			);
			runOnlyForDeploymentPostprocessing = 0;
		};
/* End PBXSourcesBuildPhase section */

/* Begin PBXTargetDependency section */
		D0457A013073501700761146 /* PBXTargetDependency */ = {
			isa = PBXTargetDependency;
			target = D04579F13073501600761146 /* FishStore */;
			targetProxy = D0457A003073501700761146 /* PBXContainerItemProxy */;
		};
		D0457A0B3073501700761146 /* PBXTargetDependency */ = {
			isa = PBXTargetDependency;
			target = D04579F13073501600761146 /* FishStore */;
			targetProxy = D0457A0A3073501700761146 /* PBXContainerItemProxy */;
		};
/* End PBXTargetDependency section */

/* Begin XCBuildConfiguration section */
		D0457A113073501700761146 /* Debug */ = {
			isa = XCBuildConfiguration;
			buildSettings = {
				ALWAYS_SEARCH_USER_PATHS = NO;
				ASSETCATALOG_COMPILER_GENERATE_SWIFT_ASSET_SYMBOL_EXTENSIONS = YES;
				CLANG_ANALYZER_NONNULL = YES;
				CLANG_ANALYZER_NUMBER_OBJECT_CONVERSION = YES_AGGRESSIVE;
				CLANG_CXX_LANGUAGE_STANDARD = "gnu++20";
				CLANG_ENABLE_MODULES = YES;
				CLANG_ENABLE_OBJC_ARC = YES;
				CLANG_ENABLE_OBJC_WEAK = YES;
				CLANG_WARN_BLOCK_CAPTURE_AUTORELEASING = YES;
				CLANG_WARN_BOOL_CONVERSION = YES;
				CLANG_WARN_COMMA = YES;
				CLANG_WARN_CONSTANT_CONVERSION = YES;
				CLANG_WARN_DEPRECATED_OBJC_IMPLEMENTATIONS = YES;
				CLANG_WARN_DIRECT_OBJC_ISA_USAGE = YES_ERROR;
				CLANG_WARN_DOCUMENTATION_COMMENTS = YES;
				CLANG_WARN_EMPTY_BODY = YES;
				CLANG_WARN_ENUM_CONVERSION = YES;
				CLANG_WARN_INFINITE_RECURSION = YES;
				CLANG_WARN_INT_CONVERSION = YES;
				CLANG_WARN_NON_LITERAL_NULL_CONVERSION = YES;
				CLANG_WARN_OBJC_IMPLICIT_RETAIN_SELF = YES;
				CLANG_WARN_OBJC_LITERAL_CONVERSION = YES;
				CLANG_WARN_OBJC_ROOT_CLASS = YES_ERROR;
				CLANG_WARN_QUOTED_INCLUDE_IN_FRAMEWORK_HEADER = YES;
				CLANG_WARN_RANGE_LOOP_ANALYSIS = YES;
				CLANG_WARN_STRICT_PROTOTYPES = YES;
				CLANG_WARN_SUSPICIOUS_MOVE = YES;
				CLANG_WARN_UNGUARDED_AVAILABILITY = YES_AGGRESSIVE;
				CLANG_WARN_UNREACHABLE_CODE = YES;
				CLANG_WARN__DUPLICATE_METHOD_MATCH = YES;
				COPY_PHASE_STRIP = NO;
				DEBUG_INFORMATION_FORMAT = dwarf;
				ENABLE_STRICT_OBJC_MSGSEND = YES;
				ENABLE_TESTABILITY = YES;
				ENABLE_USER_SCRIPT_SANDBOXING = YES;
				GCC_C_LANGUAGE_STANDARD = gnu17;
				GCC_DYNAMIC_NO_PIC = NO;
				GCC_NO_COMMON_BLOCKS = YES;
				GCC_OPTIMIZATION_LEVEL = 0;
				GCC_PREPROCESSOR_DEFINITIONS = (
					"DEBUG=1",
					"$(inherited)",
				);
				GCC_WARN_64_TO_32_BIT_CONVERSION = YES;
				GCC_WARN_ABOUT_RETURN_TYPE = YES_ERROR;
				GCC_WARN_UNDECLARED_SELECTOR = YES;
				GCC_WARN_UNINITIALIZED_AUTOS = YES_AGGRESSIVE;
				GCC_WARN_UNUSED_FUNCTION = YES;
				GCC_WARN_UNUSED_VARIABLE = YES;
				IPHONEOS_DEPLOYMENT_TARGET = 26.2;
				LOCALIZATION_PREFERS_STRING_CATALOGS = YES;
				MTL_ENABLE_DEBUG_INFO = INCLUDE_SOURCE;
				MTL_FAST_MATH = YES;
				ONLY_ACTIVE_ARCH = YES;
				SDKROOT = iphoneos;
				SWIFT_ACTIVE_COMPILATION_CONDITIONS = "DEBUG $(inherited)";
				SWIFT_OPTIMIZATION_LEVEL = "-Onone";
			};
			name = Debug;
		};
		D0457A123073501700761146 /* Release */ = {
			isa = XCBuildConfiguration;
			buildSettings = {
				ALWAYS_SEARCH_USER_PATHS = NO;
				ASSETCATALOG_COMPILER_GENERATE_SWIFT_ASSET_SYMBOL_EXTENSIONS = YES;
				CLANG_ANALYZER_NONNULL = YES;
				CLANG_ANALYZER_NUMBER_OBJECT_CONVERSION = YES_AGGRESSIVE;
				CLANG_CXX_LANGUAGE_STANDARD = "gnu++20";
				CLANG_ENABLE_MODULES = YES;
				CLANG_ENABLE_OBJC_ARC = YES;
				CLANG_ENABLE_OBJC_WEAK = YES;
				CLANG_WARN_BLOCK_CAPTURE_AUTORELEASING = YES;
				CLANG_WARN_BOOL_CONVERSION = YES;
				CLANG_WARN_COMMA = YES;
				CLANG_WARN_CONSTANT_CONVERSION = YES;
				CLANG_WARN_DEPRECATED_OBJC_IMPLEMENTATIONS = YES;
				CLANG_WARN_DIRECT_OBJC_ISA_USAGE = YES_ERROR;
				CLANG_WARN_DOCUMENTATION_COMMENTS = YES;
				CLANG_WARN_EMPTY_BODY = YES;
				CLANG_WARN_ENUM_CONVERSION = YES;
				CLANG_WARN_INFINITE_RECURSION = YES;
				CLANG_WARN_INT_CONVERSION = YES;
				CLANG_WARN_NON_LITERAL_NULL_CONVERSION = YES;
				CLANG_WARN_OBJC_IMPLICIT_RETAIN_SELF = YES;
				CLANG_WARN_OBJC_LITERAL_CONVERSION = YES;
				CLANG_WARN_OBJC_ROOT_CLASS = YES_ERROR;
				CLANG_WARN_QUOTED_INCLUDE_IN_FRAMEWORK_HEADER = YES;
				CLANG_WARN_RANGE_LOOP_ANALYSIS = YES;
				CLANG_WARN_STRICT_PROTOTYPES = YES;
				CLANG_WARN_SUSPICIOUS_MOVE = YES;
				CLANG_WARN_UNGUARDED_AVAILABILITY = YES_AGGRESSIVE;
				CLANG_WARN_UNREACHABLE_CODE = YES;
				CLANG_WARN__DUPLICATE_METHOD_MATCH = YES;
				COPY_PHASE_STRIP = NO;
				DEBUG_INFORMATION_FORMAT = "dwarf-with-dsym";
				ENABLE_NS_ASSERTIONS = NO;
				ENABLE_STRICT_OBJC_MSGSEND = YES;
				ENABLE_USER_SCRIPT_SANDBOXING = YES;
				GCC_C_LANGUAGE_STANDARD = gnu17;
				GCC_NO_COMMON_BLOCKS = YES;
				GCC_WARN_64_TO_32_BIT_CONVERSION = YES;
				GCC_WARN_ABOUT_RETURN_TYPE = YES_ERROR;
				GCC_WARN_UNDECLARED_SELECTOR = YES;
				GCC_WARN_UNINITIALIZED_AUTOS = YES_AGGRESSIVE;
				GCC_WARN_UNUSED_FUNCTION = YES;
				GCC_WARN_UNUSED_VARIABLE = YES;
				IPHONEOS_DEPLOYMENT_TARGET = 26.2;
				LOCALIZATION_PREFERS_STRING_CATALOGS = YES;
				MTL_ENABLE_DEBUG_INFO = NO;
				MTL_FAST_MATH = YES;
				SDKROOT = iphoneos;
				SWIFT_COMPILATION_MODE = wholemodule;
				VALIDATE_PRODUCT = YES;
			};
			name = Release;
		};
		D0457A143073501700761146 /* Debug */ = {
			isa = XCBuildConfiguration;
			buildSettings = {
				ASSETCATALOG_COMPILER_APPICON_NAME = AppIcon;
				ASSETCATALOG_COMPILER_GLOBAL_ACCENT_COLOR_NAME = AccentColor;
				CODE_SIGN_STYLE = Automatic;
				CURRENT_PROJECT_VERSION = 1;
				ENABLE_PREVIEWS = YES;
				GENERATE_INFOPLIST_FILE = YES;
				INFOPLIST_KEY_UIApplicationSceneManifest_Generation = YES;
				INFOPLIST_KEY_UIApplicationSupportsIndirectInputEvents = YES;
				INFOPLIST_KEY_UILaunchScreen_Generation = YES;
				INFOPLIST_KEY_UISupportedInterfaceOrientations_iPad = "UIInterfaceOrientationPortrait UIInterfaceOrientationPortraitUpsideDown UIInterfaceOrientationLandscapeLeft UIInterfaceOrientationLandscapeRight";
				INFOPLIST_KEY_UISupportedInterfaceOrientations_iPhone = "UIInterfaceOrientationPortrait UIInterfaceOrientationLandscapeLeft UIInterfaceOrientationLandscapeRight";
				LD_RUNPATH_SEARCH_PATHS = (
					"$(inherited)",
					"@executable_path/Frameworks",
				);
				MARKETING_VERSION = 1.0;
				PRODUCT_BUNDLE_IDENTIFIER = SE.FishStore;
				PRODUCT_NAME = "$(TARGET_NAME)";
				STRING_CATALOG_GENERATE_SYMBOLS = YES;
				SWIFT_APPROACHABLE_CONCURRENCY = YES;
				SWIFT_DEFAULT_ACTOR_ISOLATION = MainActor;
				SWIFT_EMIT_LOC_STRINGS = YES;
				SWIFT_UPCOMING_FEATURE_MEMBER_IMPORT_VISIBILITY = YES;
				SWIFT_VERSION = 5.0;
				TARGETED_DEVICE_FAMILY = "1,2";
			};
			name = Debug;
		};
		D0457A153073501700761146 /* Release */ = {
			isa = XCBuildConfiguration;
			buildSettings = {
				ASSETCATALOG_COMPILER_APPICON_NAME = AppIcon;
				ASSETCATALOG_COMPILER_GLOBAL_ACCENT_COLOR_NAME = AccentColor;
				CODE_SIGN_STYLE = Automatic;
				CURRENT_PROJECT_VERSION = 1;
				ENABLE_PREVIEWS = YES;
				GENERATE_INFOPLIST_FILE = YES;
				INFOPLIST_KEY_UIApplicationSceneManifest_Generation = YES;
				INFOPLIST_KEY_UIApplicationSupportsIndirectInputEvents = YES;
				INFOPLIST_KEY_UILaunchScreen_Generation = YES;
				INFOPLIST_KEY_UISupportedInterfaceOrientations_iPad = "UIInterfaceOrientationPortrait UIInterfaceOrientationPortraitUpsideDown UIInterfaceOrientationLandscapeLeft UIInterfaceOrientationLandscapeRight";
				INFOPLIST_KEY_UISupportedInterfaceOrientations_iPhone = "UIInterfaceOrientationPortrait UIInterfaceOrientationLandscapeLeft UIInterfaceOrientationLandscapeRight";
				LD_RUNPATH_SEARCH_PATHS = (
					"$(inherited)",
					"@executable_path/Frameworks",
				);
				MARKETING_VERSION = 1.0;
				PRODUCT_BUNDLE_IDENTIFIER = SE.FishStore;
				PRODUCT_NAME = "$(TARGET_NAME)";
				STRING_CATALOG_GENERATE_SYMBOLS = YES;
				SWIFT_APPROACHABLE_CONCURRENCY = YES;
				SWIFT_DEFAULT_ACTOR_ISOLATION = MainActor;
				SWIFT_EMIT_LOC_STRINGS = YES;
				SWIFT_UPCOMING_FEATURE_MEMBER_IMPORT_VISIBILITY = YES;
				SWIFT_VERSION = 5.0;
				TARGETED_DEVICE_FAMILY = "1,2";
			};
			name = Release;
		};
		D0457A173073501700761146 /* Debug */ = {
			isa = XCBuildConfiguration;
			buildSettings = {
				BUNDLE_LOADER = "$(TEST_HOST)";
				CODE_SIGN_STYLE = Automatic;
				CURRENT_PROJECT_VERSION = 1;
				GENERATE_INFOPLIST_FILE = YES;
				IPHONEOS_DEPLOYMENT_TARGET = 26.2;
				MARKETING_VERSION = 1.0;
				PRODUCT_BUNDLE_IDENTIFIER = SE.FishStoreTests;
				PRODUCT_NAME = "$(TARGET_NAME)";
				STRING_CATALOG_GENERATE_SYMBOLS = NO;
				SWIFT_APPROACHABLE_CONCURRENCY = YES;
				SWIFT_EMIT_LOC_STRINGS = NO;
				SWIFT_UPCOMING_FEATURE_MEMBER_IMPORT_VISIBILITY = YES;
				SWIFT_VERSION = 5.0;
				TARGETED_DEVICE_FAMILY = "1,2";
				TEST_HOST = "$(BUILT_PRODUCTS_DIR)/FishStore.app/$(BUNDLE_EXECUTABLE_FOLDER_PATH)/FishStore";
			};
			name = Debug;
		};
		D0457A183073501700761146 /* Release */ = {
			isa = XCBuildConfiguration;
			buildSettings = {
				BUNDLE_LOADER = "$(TEST_HOST)";
				CODE_SIGN_STYLE = Automatic;
				CURRENT_PROJECT_VERSION = 1;
				GENERATE_INFOPLIST_FILE = YES;
				IPHONEOS_DEPLOYMENT_TARGET = 26.2;
				MARKETING_VERSION = 1.0;
				PRODUCT_BUNDLE_IDENTIFIER = SE.FishStoreTests;
				PRODUCT_NAME = "$(TARGET_NAME)";
				STRING_CATALOG_GENERATE_SYMBOLS = NO;
				SWIFT_APPROACHABLE_CONCURRENCY = YES;
				SWIFT_EMIT_LOC_STRINGS = NO;
				SWIFT_UPCOMING_FEATURE_MEMBER_IMPORT_VISIBILITY = YES;
				SWIFT_VERSION = 5.0;
				TARGETED_DEVICE_FAMILY = "1,2";
				TEST_HOST = "$(BUILT_PRODUCTS_DIR)/FishStore.app/$(BUNDLE_EXECUTABLE_FOLDER_PATH)/FishStore";
			};
			name = Release;
		};
		D0457A1A3073501700761146 /* Debug */ = {
			isa = XCBuildConfiguration;
			buildSettings = {
				CODE_SIGN_STYLE = Automatic;
				CURRENT_PROJECT_VERSION = 1;
				GENERATE_INFOPLIST_FILE = YES;
				MARKETING_VERSION = 1.0;
				PRODUCT_BUNDLE_IDENTIFIER = SE.FishStoreUITests;
				PRODUCT_NAME = "$(TARGET_NAME)";
				STRING_CATALOG_GENERATE_SYMBOLS = NO;
				SWIFT_APPROACHABLE_CONCURRENCY = YES;
				SWIFT_EMIT_LOC_STRINGS = NO;
				SWIFT_UPCOMING_FEATURE_MEMBER_IMPORT_VISIBILITY = YES;
				SWIFT_VERSION = 5.0;
				TARGETED_DEVICE_FAMILY = "1,2";
				TEST_TARGET_NAME = FishStore;
			};
			name = Debug;
		};
		D0457A1B3073501700761146 /* Release */ = {
			isa = XCBuildConfiguration;
			buildSettings = {
				CODE_SIGN_STYLE = Automatic;
				CURRENT_PROJECT_VERSION = 1;
				GENERATE_INFOPLIST_FILE = YES;
				MARKETING_VERSION = 1.0;
				PRODUCT_BUNDLE_IDENTIFIER = SE.FishStoreUITests;
				PRODUCT_NAME = "$(TARGET_NAME)";
				STRING_CATALOG_GENERATE_SYMBOLS = NO;
				SWIFT_APPROACHABLE_CONCURRENCY = YES;
				SWIFT_EMIT_LOC_STRINGS = NO;
				SWIFT_UPCOMING_FEATURE_MEMBER_IMPORT_VISIBILITY = YES;
				SWIFT_VERSION = 5.0;
				TARGETED_DEVICE_FAMILY = "1,2";
				TEST_TARGET_NAME = FishStore;
			};
			name = Release;
		};
/* End XCBuildConfiguration section */

/* Begin XCConfigurationList section */
		D04579ED3073501600761146 /* Build configuration list for PBXProject "FishStore" */ = {
			isa = XCConfigurationList;
			buildConfigurations = (
				D0457A113073501700761146 /* Debug */,
				D0457A123073501700761146 /* Release */,
			);
			defaultConfigurationIsVisible = 0;
			defaultConfigurationName = Release;
		};
		D0457A133073501700761146 /* Build configuration list for PBXNativeTarget "FishStore" */ = {
			isa = XCConfigurationList;
			buildConfigurations = (
				D0457A143073501700761146 /* Debug */,
				D0457A153073501700761146 /* Release */,
			);
			defaultConfigurationIsVisible = 0;
			defaultConfigurationName = Release;
		};
		D0457A163073501700761146 /* Build configuration list for PBXNativeTarget "FishStoreTests" */ = {
			isa = XCConfigurationList;
			buildConfigurations = (
				D0457A173073501700761146 /* Debug */,
				D0457A183073501700761146 /* Release */,
			);
			defaultConfigurationIsVisible = 0;
			defaultConfigurationName = Release;
		};
		D0457A193073501700761146 /* Build configuration list for PBXNativeTarget "FishStoreUITests" */ = {
			isa = XCConfigurationList;
			buildConfigurations = (
				D0457A1A3073501700761146 /* Debug */,
				D0457A1B3073501700761146 /* Release */,
			);
			defaultConfigurationIsVisible = 0;
			defaultConfigurationName = Release;
		};
/* End XCConfigurationList section */
	};
	rootObject = D04579EA3073501600761146 /* Project object */;
}
